
Microsoft Visual Studio Solution File, Format Version 12.00
# Visual Studio 15
VisualStudioVersion = 15.0.27703.2000
MinimumVisualStudioVersion = 10.0.40219.1
Project("{FAE04EC0-301F-11D3-BF4B-00C04F79EFBC}") = "innaMinute.Android", "innaMinute\innaMinute.Android\innaMinute.Android.csproj", "{1321BBEE-5533-4458-B67C-7B02C9DC750D}"
EndProject
Project("{FAE04EC0-301F-11D3-BF4B-00C04F79EFBC}") = "innaMinute.iOS", "innaMinute\innaMinute.iOS\innaMinute.iOS.csproj", "{1B745CEC-B562-47A3-9182-E73235C2B924}"
EndProject
Project("{FAE04EC0-301F-11D3-BF4B-00C04F79EFBC}") = "innaMinute.UWP", "innaMinute\innaMinute.UWP\innaMinute.UWP.csproj", "{0DB51F5F-D30A-49C6-B671-C7C10C7016AF}"
EndProject
Project("{FAE04EC0-301F-11D3-BF4B-00C04F79EFBC}") = "innaMinute", "innaMinute\innaMinute\innaMinute.csproj", "{48FAFAF0-F85D-4EE9-AD7E-49A81AAED748}"
EndProject
Global
	GlobalSection(SolutionConfigurationPlatforms) = preSolution
		Ad-Hoc|Any CPU = Ad-Hoc|Any CPU
		Ad-Hoc|ARM = Ad-Hoc|ARM
		Ad-Hoc|iPhone = Ad-Hoc|iPhone
		Ad-Hoc|iPhoneSimulator = Ad-Hoc|iPhoneSimulator
		Ad-Hoc|x64 = Ad-Hoc|x64
		Ad-Hoc|x86 = Ad-Hoc|x86
		AppStore|Any CPU = AppStore|Any CPU
		AppStore|ARM = AppStore|ARM
		AppStore|iPhone = AppStore|iPhone
		AppStore|iPhoneSimulator = AppStore|iPhoneSimulator
		AppStore|x64 = AppStore|x64
		AppStore|x86 = AppStore|x86
		Debug|Any CPU = Debug|Any CPU
		Debug|ARM = Debug|ARM
		Debug|iPhone = Debug|iPhone
		Debug|iPhoneSimulator = Debug|iPhoneSimulator
		Debug|x64 = Debug|x64
		Debug|x86 = Debug|x86
		Release|Any CPU = Release|Any CPU
		Release|ARM = Release|ARM
		Release|iPhone = Release|iPhone
		Release|iPhoneSimulator = Release|iPhoneSimulator
		Release|x64 = Release|x64
		Release|x86 = Release|x86
	EndGlobalSection
	GlobalSection(ProjectConfigurationPlatforms) = postSolution
		{1321BBEE-5533-4458-B67C-7B02C9DC750D}.Ad-Hoc|Any CPU.ActiveCfg = Release|Any CPU
		{1321BBEE-5533-4458-B67C-7B02C9DC750D}.Ad-Hoc|Any CPU.Build.0 = Release|Any CPU
		{1321BBEE-5533-4458-B67C-7B02C9DC750D}.Ad-Hoc|Any CPU.Deploy.0 = Release|Any CPU
		{1321BBEE-5533-4458-B67C-7B02C9DC750D}.Ad-Hoc|ARM.ActiveCfg = Release|Any CPU
		{1321BBEE-5533-4458-B67C-7B02C9DC750D}.Ad-Hoc|ARM.Build.0 = Release|Any CPU
		{1321BBEE-5533-4458-B67C-7B02C9DC750D}.Ad-Hoc|ARM.Deploy.0 = Release|Any CPU
		{1321BBEE-5533-4458-B67C-7B02C9DC750D}.Ad-Hoc|iPhone.ActiveCfg = Release|Any CPU
		{1321BBEE-5533-4458-B67C-7B02C9DC750D}.Ad-Hoc|iPhone.Build.0 = Release|Any CPU
		{1321BBEE-5533-4458-B67C-7B02C9DC750D}.Ad-Hoc|iPhone.Deploy.0 = Release|Any CPU
		{1321BBEE-5533-4458-B67C-7B02C9DC750D}.Ad-Hoc|iPhoneSimulator.ActiveCfg = Release|Any CPU
		{1321BBEE-5533-4458-B67C-7B02C9DC750D}.Ad-Hoc|iPhoneSimulator.Build.0 = Release|Any CPU
		{1321BBEE-5533-4458-B67C-7B02C9DC750D}.Ad-Hoc|iPhoneSimulator.Deploy.0 = Release|Any CPU
		{1321BBEE-5533-4458-B67C-7B02C9DC750D}.Ad-Hoc|x64.ActiveCfg = Release|Any CPU
		{1321BBEE-5533-4458-B67C-7B02C9DC750D}.Ad-Hoc|x64.Build.0 = Release|Any CPU
		{1321BBEE-5533-4458-B67C-7B02C9DC750D}.Ad-Hoc|x64.Deploy.0 = Release|Any CPU
		{1321BBEE-5533-4458-B67C-7B02C9DC750D}.Ad-Hoc|x86.ActiveCfg = Release|Any CPU
		{1321BBEE-5533-4458-B67C-7B02C9DC750D}.Ad-Hoc|x86.Build.0 = Release|Any CPU
		{1321BBEE-5533-4458-B67C-7B02C9DC750D}.Ad-Hoc|x86.Deploy.0 = Release|Any CPU
		{1321BBEE-5533-4458-B67C-7B02C9DC750D}.AppStore|Any CPU.ActiveCfg = Release|Any CPU
		{1321BBEE-5533-4458-B67C-7B02C9DC750D}.AppStore|Any CPU.Build.0 = Release|Any CPU
		{1321BBEE-5533-4458-B67C-7B02C9DC750D}.AppStore|Any CPU.Deploy.0 = Release|Any CPU
		{1321BBEE-5533-4458-B67C-7B02C9DC750D}.AppStore|ARM.ActiveCfg = Release|Any CPU
		{1321BBEE-5533-4458-B67C-7B02C9DC750D}.AppStore|ARM.Build.0 = Release|Any CPU
		{1321BBEE-5533-4458-B67C-7B02C9DC750D}.AppStore|ARM.Deploy.0 = Release|Any CPU
		{1321BBEE-5533-4458-B67C-7B02C9DC750D}.AppStore|iPhone.ActiveCfg = Release|Any CPU
		{1321BBEE-5533-4458-B67C-7B02C9DC750D}.AppStore|iPhone.Build.0 = Release|Any CPU
		{1321BBEE-5533-4458-B67C-7B02C9DC750D}.AppStore|iPhone.Deploy.0 = Release|Any CPU
		{1321BBEE-5533-4458-B67C-7B02C9DC750D}.AppStore|iPhoneSimulator.ActiveCfg = Release|Any CPU
		{1321BBEE-5533-4458-B67C-7B02C9DC750D}.AppStore|iPhoneSimulator.Build.0 = Release|Any CPU
		{1321BBEE-5533-4458-B67C-7B02C9DC750D}.AppStore|iPhoneSimulator.Deploy.0 = Release|Any CPU
		{1321BBEE-5533-4458-B67C-7B02C9DC750D}.AppStore|x64.ActiveCfg = Release|Any CPU
		{1321BBEE-5533-4458-B67C-7B02C9DC750D}.AppStore|x64.Build.0 = Release|Any CPU
		{1321BBEE-5533-4458-B67C-7B02C9DC750D}.AppStore|x64.Deploy.0 = Release|Any CPU
		{1321BBEE-5533-4458-B67C-7B02C9DC750D}.AppStore|x86.ActiveCfg = Release|Any CPU
		{1321BBEE-5533-4458-B67C-7B02C9DC750D}.AppStore|x86.Build.0 = Release|Any CPU
		{1321BBEE-5533-4458-B67C-7B02C9DC750D}.AppStore|x86.Deploy.0 = Release|Any CPU
		{1321BBEE-5533-4458-B67C-7B02C9DC750D}.Debug|Any CPU.ActiveCfg = Debug|Any CPU
		{1321BBEE-5533-4458-B67C-7B02C9DC750D}.Debug|Any CPU.Build.0 = Debug|Any CPU
		{1321BBEE-5533-4458-B67C-7B02C9DC750D}.Debug|Any CPU.Deploy.0 = Debug|Any CPU
		{1321BBEE-5533-4458-B67C-7B02C9DC750D}.Debug|ARM.ActiveCfg = Debug|Any CPU
		{1321BBEE-5533-4458-B67C-7B02C9DC750D}.Debug|ARM.Build.0 = Debug|Any CPU
		{1321BBEE-5533-4458-B67C-7B02C9DC750D}.Debug|ARM.Deploy.0 = Debug|Any CPU
		{1321BBEE-5533-4458-B67C-7B02C9DC750D}.Debug|iPhone.ActiveCfg = Debug|Any CPU
		{1321BBEE-5533-4458-B67C-7B02C9DC750D}.Debug|iPhone.Build.0 = Debug|Any CPU
		{1321BBEE-5533-4458-B67C-7B02C9DC750D}.Debug|iPhone.Deploy.0 = Debug|Any CPU
		{1321BBEE-5533-4458-B67C-7B02C9DC750D}.Debug|iPhoneSimulator.ActiveCfg = Debug|Any CPU
		{1321BBEE-5533-4458-B67C-7B02C9DC750D}.Debug|iPhoneSimulator.Build.0 = Debug|Any CPU
		{1321BBEE-5533-4458-B67C-7B02C9DC750D}.Debug|iPhoneSimulator.Deploy.0 = Debug|Any CPU
		{1321BBEE-5533-4458-B67C-7B02C9DC750D}.Debug|x64.ActiveCfg = Debug|Any CPU
		{1321BBEE-5533-4458-B67C-7B02C9DC750D}.Debug|x64.Build.0 = Debug|Any CPU
		{1321BBEE-5533-4458-B67C-7B02C9DC750D}.Debug|x64.Deploy.0 = Debug|Any CPU
		{1321BBEE-5533-4458-B67C-7B02C9DC750D}.Debug|x86.ActiveCfg = Debug|Any CPU
		{1321BBEE-5533-4458-B67C-7B02C9DC750D}.Debug|x86.Build.0 = Debug|Any CPU
		{1321BBEE-5533-4458-B67C-7B02C9DC750D}.Debug|x86.Deploy.0 = Debug|Any CPU
		{1321BBEE-5533-4458-B67C-7B02C9DC750D}.Release|Any CPU.ActiveCfg = Release|Any CPU
		{1321BBEE-5533-4458-B67C-7B02C9DC750D}.Release|Any CPU.Build.0 = Release|Any CPU
		{1321BBEE-5533-4458-B67C-7B02C9DC750D}.Release|Any CPU.Deploy.0 = Release|Any CPU
		{1321BBEE-5533-4458-B67C-7B02C9DC750D}.Release|ARM.ActiveCfg = Release|Any CPU
		{1321BBEE-5533-4458-B67C-7B02C9DC750D}.Release|ARM.Build.0 = Release|Any CPU
		{1321BBEE-5533-4458-B67C-7B02C9DC750D}.Release|ARM.Deploy.0 = Release|Any CPU
		{1321BBEE-5533-4458-B67C-7B02C9DC750D}.Release|iPhone.ActiveCfg = Release|Any CPU
		{1321BBEE-5533-4458-B67C-7B02C9DC750D}.Release|iPhone.Build.0 = Release|Any CPU
		{1321BBEE-5533-4458-B67C-7B02C9DC750D}.Release|iPhone.Deploy.0 = Release|Any CPU
		{1321BBEE-5533-4458-B67C-7B02C9DC750D}.Release|iPhoneSimulator.ActiveCfg = Release|Any CPU
		{1321BBEE-5533-4458-B67C-7B02C9DC750D}.Release|iPhoneSimulator.Build.0 = Release|Any CPU
		{1321BBEE-5533-4458-B67C-7B02C9DC750D}.Release|iPhoneSimulator.Deploy.0 = Release|Any CPU
		{1321BBEE-5533-4458-B67C-7B02C9DC750D}.Release|x64.ActiveCfg = Release|Any CPU
		{1321BBEE-5533-4458-B67C-7B02C9DC750D}.Release|x64.Build.0 = Release|Any CPU
		{1321BBEE-5533-4458-B67C-7B02C9DC750D}.Release|x64.Deploy.0 = Release|Any CPU
		{1321BBEE-5533-4458-B67C-7B02C9DC750D}.Release|x86.ActiveCfg = Release|Any CPU
		{1321BBEE-5533-4458-B67C-7B02C9DC750D}.Release|x86.Build.0 = Release|Any CPU
		{1321BBEE-5533-4458-B67C-7B02C9DC750D}.Release|x86.Deploy.0 = Release|Any CPU
		{1B745CEC-B562-47A3-9182-E73235C2B924}.Ad-Hoc|Any CPU.ActiveCfg = Ad-Hoc|iPhone
		{1B745CEC-B562-47A3-9182-E73235C2B924}.Ad-Hoc|Any CPU.Build.0 = Ad-Hoc|iPhone
		{1B745CEC-B562-47A3-9182-E73235C2B924}.Ad-Hoc|Any CPU.Deploy.0 = Ad-Hoc|iPhone
		{1B745CEC-B562-47A3-9182-E73235C2B924}.Ad-Hoc|ARM.ActiveCfg = Ad-Hoc|iPhone
		{1B745CEC-B562-47A3-9182-E73235C2B924}.Ad-Hoc|ARM.Build.0 = Ad-Hoc|iPhone
		{1B745CEC-B562-47A3-9182-E73235C2B924}.Ad-Hoc|ARM.Deploy.0 = Ad-Hoc|iPhone
		{1B745CEC-B562-47A3-9182-E73235C2B924}.Ad-Hoc|iPhone.ActiveCfg = Ad-Hoc|iPhone
		{1B745CEC-B562-47A3-9182-E73235C2B924}.Ad-Hoc|iPhone.Build.0 = Ad-Hoc|iPhone
		{1B745CEC-B562-47A3-9182-E73235C2B924}.Ad-Hoc|iPhone.Deploy.0 = Ad-Hoc|iPhone
		{1B745CEC-B562-47A3-9182-E73235C2B924}.Ad-Hoc|iPhoneSimulator.ActiveCfg = Ad-Hoc|iPhoneSimulator
		{1B745CEC-B562-47A3-9182-E73235C2B924}.Ad-Hoc|iPhoneSimulator.Build.0 = Ad-Hoc|iPhoneSimulator
		{1B745CEC-B562-47A3-9182-E73235C2B924}.Ad-Hoc|iPhoneSimulator.Deploy.0 = Ad-Hoc|iPhoneSimulator
		{1B745CEC-B562-47A3-9182-E73235C2B924}.Ad-Hoc|x64.ActiveCfg = Ad-Hoc|iPhone
		{1B745CEC-B562-47A3-9182-E73235C2B924}.Ad-Hoc|x64.Build.0 = Ad-Hoc|iPhone
		{1B745CEC-B562-47A3-9182-E73235C2B924}.Ad-Hoc|x64.Deploy.0 = Ad-Hoc|iPhone
		{1B745CEC-B562-47A3-9182-E73235C2B924}.Ad-Hoc|x86.ActiveCfg = Ad-Hoc|iPhone
		{1B745CEC-B562-47A3-9182-E73235C2B924}.Ad-Hoc|x86.Build.0 = Ad-Hoc|iPhone
		{1B745CEC-B562-47A3-9182-E73235C2B924}.Ad-Hoc|x86.Deploy.0 = Ad-Hoc|iPhone
		{1B745CEC-B562-47A3-9182-E73235C2B924}.AppStore|Any CPU.ActiveCfg = AppStore|iPhone
		{1B745CEC-B562-47A3-9182-E73235C2B924}.AppStore|Any CPU.Build.0 = AppStore|iPhone
		{1B745CEC-B562-47A3-9182-E73235C2B924}.AppStore|Any CPU.Deploy.0 = AppStore|iPhone
		{1B745CEC-B562-47A3-9182-E73235C2B924}.AppStore|ARM.ActiveCfg = AppStore|iPhone
		{1B745CEC-B562-47A3-9182-E73235C2B924}.AppStore|ARM.Build.0 = AppStore|iPhone
		{1B745CEC-B562-47A3-9182-E73235C2B924}.AppStore|ARM.Deploy.0 = AppStore|iPhone
		{1B745CEC-B562-47A3-9182-E73235C2B924}.AppStore|iPhone.ActiveCfg = AppStore|iPhone
		{1B745CEC-B562-47A3-9182-E73235C2B924}.AppStore|iPhone.Build.0 = AppStore|iPhone
		{1B745CEC-B562-47A3-9182-E73235C2B924}.AppStore|iPhone.Deploy.0 = AppStore|iPhone
		{1B745CEC-B562-47A3-9182-E73235C2B924}.AppStore|iPhoneSimulator.ActiveCfg = AppStore|iPhoneSimulator
		{1B745CEC-B562-47A3-9182-E73235C2B924}.AppStore|iPhoneSimulator.Build.0 = AppStore|iPhoneSimulator
		{1B745CEC-B562-47A3-9182-E73235C2B924}.AppStore|iPhoneSimulator.Deploy.0 = AppStore|iPhoneSimulator
		{1B745CEC-B562-47A3-9182-E73235C2B924}.AppStore|x64.ActiveCfg = AppStore|iPhone
		{1B745CEC-B562-47A3-9182-E73235C2B924}.AppStore|x64.Build.0 = AppStore|iPhone
		{1B745CEC-B562-47A3-9182-E73235C2B924}.AppStore|x64.Deploy.0 = AppStore|iPhone
		{1B745CEC-B562-47A3-9182-E73235C2B924}.AppStore|x86.ActiveCfg = AppStore|iPhone
		{1B745CEC-B562-47A3-9182-E73235C2B924}.AppStore|x86.Build.0 = AppStore|iPhone
		{1B745CEC-B562-47A3-9182-E73235C2B924}.AppStore|x86.Deploy.0 = AppStore|iPhone
		{1B745CEC-B562-47A3-9182-E73235C2B924}.Debug|Any CPU.ActiveCfg = Debug|iPhoneSimulator
		{1B745CEC-B562-47A3-9182-E73235C2B924}.Debug|Any CPU.Build.0 = Debug|iPhoneSimulator
		{1B745CEC-B562-47A3-9182-E73235C2B924}.Debug|Any CPU.Deploy.0 = Debug|iPhoneSimulator
		{1B745CEC-B562-47A3-9182-E73235C2B924}.Debug|ARM.ActiveCfg = Debug|iPhone
		{1B745CEC-B562-47A3-9182-E73235C2B924}.Debug|ARM.Build.0 = Debug|iPhone
		{1B745CEC-B562-47A3-9182-E73235C2B924}.Debug|ARM.Deploy.0 = Debug|iPhone
		{1B745CEC-B562-47A3-9182-E73235C2B924}.Debug|iPhone.ActiveCfg = Debug|iPhone
		{1B745CEC-B562-47A3-9182-E73235C2B924}.Debug|iPhone.Build.0 = Debug|iPhone
		{1B745CEC-B562-47A3-9182-E73235C2B924}.Debug|iPhone.Deploy.0 = Debug|iPhone
		{1B745CEC-B562-47A3-9182-E73235C2B924}.Debug|iPhoneSimulator.ActiveCfg = Debug|iPhoneSimulator
		{1B745CEC-B562-47A3-9182-E73235C2B924}.Debug|iPhoneSimulator.Build.0 = Debug|iPhoneSimulator
		{1B745CEC-B562-47A3-9182-E73235C2B924}.Debug|iPhoneSimulator.Deploy.0 = Debug|iPhoneSimulator
		{1B745CEC-B562-47A3-9182-E73235C2B924}.Debug|x64.ActiveCfg = Debug|iPhone
		{1B745CEC-B562-47A3-9182-E73235C2B924}.Debug|x64.Build.0 = Debug|iPhone
		{1B745CEC-B562-47A3-9182-E73235C2B924}.Debug|x64.Deploy.0 = Debug|iPhone
		{1B745CEC-B562-47A3-9182-E73235C2B924}.Debug|x86.ActiveCfg = Debug|iPhone
		{1B745CEC-B562-47A3-9182-E73235C2B924}.Debug|x86.Build.0 = Debug|iPhone
		{1B745CEC-B562-47A3-9182-E73235C2B924}.Debug|x86.Deploy.0 = Debug|iPhone
		{1B745CEC-B562-47A3-9182-E73235C2B924}.Release|Any CPU.ActiveCfg = Release|iPhone
		{1B745CEC-B562-47A3-9182-E73235C2B924}.Release|Any CPU.Build.0 = Release|iPhone
		{1B745CEC-B562-47A3-9182-E73235C2B924}.Release|Any CPU.Deploy.0 = Release|iPhone
		{1B745CEC-B562-47A3-9182-E73235C2B924}.Release|ARM.ActiveCfg = Release|iPhone
		{1B745CEC-B562-47A3-9182-E73235C2B924}.Release|ARM.Build.0 = Release|iPhone
		{1B745CEC-B562-47A3-9182-E73235C2B924}.Release|ARM.Deploy.0 = Release|iPhone
		{1B745CEC-B562-47A3-9182-E73235C2B924}.Release|iPhone.ActiveCfg = Release|iPhone
		{1B745CEC-B562-47A3-9182-E73235C2B924}.Release|iPhone.Build.0 = Release|iPhone
		{1B745CEC-B562-47A3-9182-E73235C2B924}.Release|iPhone.Deploy.0 = Release|iPhone
		{1B745CEC-B562-47A3-9182-E73235C2B924}.Release|iPhoneSimulator.ActiveCfg = Release|iPhoneSimulator
		{1B745CEC-B562-47A3-9182-E73235C2B924}.Release|iPhoneSimulator.Build.0 = Release|iPhoneSimulator
		{1B745CEC-B562-47A3-9182-E73235C2B924}.Release|iPhoneSimulator.Deploy.0 = Release|iPhoneSimulator
		{1B745CEC-B562-47A3-9182-E73235C2B924}.Release|x64.ActiveCfg = Release|iPhone
		{1B745CEC-B562-47A3-9182-E73235C2B924}.Release|x64.Build.0 = Release|iPhone
		{1B745CEC-B562-47A3-9182-E73235C2B924}.Release|x64.Deploy.0 = Release|iPhone
		{1B745CEC-B562-47A3-9182-E73235C2B924}.Release|x86.ActiveCfg = Release|iPhone
		{1B745CEC-B562-47A3-9182-E73235C2B924}.Release|x86.Build.0 = Release|iPhone
		{1B745CEC-B562-47A3-9182-E73235C2B924}.Release|x86.Deploy.0 = Release|iPhone
		{0DB51F5F-D30A-49C6-B671-C7C10C7016AF}.Ad-Hoc|Any CPU.ActiveCfg = Release|x86
		{0DB51F5F-D30A-49C6-B671-C7C10C7016AF}.Ad-Hoc|Any CPU.Build.0 = Release|x86
		{0DB51F5F-D30A-49C6-B671-C7C10C7016AF}.Ad-Hoc|Any CPU.Deploy.0 = Release|x86
		{0DB51F5F-D30A-49C6-B671-C7C10C7016AF}.Ad-Hoc|ARM.ActiveCfg = Release|ARM
		{0DB51F5F-D30A-49C6-B671-C7C10C7016AF}.Ad-Hoc|ARM.Build.0 = Release|ARM
		{0DB51F5F-D30A-49C6-B671-C7C10C7016AF}.Ad-Hoc|ARM.Deploy.0 = Release|ARM
		{0DB51F5F-D30A-49C6-B671-C7C10C7016AF}.Ad-Hoc|iPhone.ActiveCfg = Release|x86
		{0DB51F5F-D30A-49C6-B671-C7C10C7016AF}.Ad-Hoc|iPhone.Build.0 = Release|x86
		{0DB51F5F-D30A-49C6-B671-C7C10C7016AF}.Ad-Hoc|iPhone.Deploy.0 = Release|x86
		{0DB51F5F-D30A-49C6-B671-C7C10C7016AF}.Ad-Hoc|iPhoneSimulator.ActiveCfg = Release|x86
		{0DB51F5F-D30A-49C6-B671-C7C10C7016AF}.Ad-Hoc|iPhoneSimulator.Build.0 = Release|x86
		{0DB51F5F-D30A-49C6-B671-C7C10C7016AF}.Ad-Hoc|iPhoneSimulator.Deploy.0 = Release|x86
		{0DB51F5F-D30A-49C6-B671-C7C10C7016AF}.Ad-Hoc|x64.ActiveCfg = Release|x64
		{0DB51F5F-D30A-49C6-B671-C7C10C7016AF}.Ad-Hoc|x64.Build.0 = Release|x64
		{0DB51F5F-D30A-49C6-B671-C7C10C7016AF}.Ad-Hoc|x64.Deploy.0 = Release|x64
		{0DB51F5F-D30A-49C6-B671-C7C10C7016AF}.Ad-Hoc|x86.ActiveCfg = Release|x86
		{0DB51F5F-D30A-49C6-B671-C7C10C7016AF}.Ad-Hoc|x86.Build.0 = Release|x86
		{0DB51F5F-D30A-49C6-B671-C7C10C7016AF}.Ad-Hoc|x86.Deploy.0 = Release|x86
		{0DB51F5F-D30A-49C6-B671-C7C10C7016AF}.AppStore|Any CPU.ActiveCfg = Release|x86
		{0DB51F5F-D30A-49C6-B671-C7C10C7016AF}.AppStore|Any CPU.Build.0 = Release|x86
		{0DB51F5F-D30A-49C6-B671-C7C10C7016AF}.AppStore|Any CPU.Deploy.0 = Release|x86
		{0DB51F5F-D30A-49C6-B671-C7C10C7016AF}.AppStore|ARM.ActiveCfg = Release|ARM
		{0DB51F5F-D30A-49C6-B671-C7C10C7016AF}.AppStore|ARM.Build.0 = Release|ARM
		{0DB51F5F-D30A-49C6-B671-C7C10C7016AF}.AppStore|ARM.Deploy.0 = Release|ARM
		{0DB51F5F-D30A-49C6-B671-C7C10C7016AF}.AppStore|iPhone.ActiveCfg = Release|x86
		{0DB51F5F-D30A-49C6-B671-C7C10C7016AF}.AppStore|iPhone.Build.0 = Release|x86
		{0DB51F5F-D30A-49C6-B671-C7C10C7016AF}.AppStore|iPhone.Deploy.0 = Release|x86
		{0DB51F5F-D30A-49C6-B671-C7C10C7016AF}.AppStore|iPhoneSimulator.ActiveCfg = Release|x86
		{0DB51F5F-D30A-49C6-B671-C7C10C7016AF}.AppStore|iPhoneSimulator.Build.0 = Release|x86
		{0DB51F5F-D30A-49C6-B671-C7C10C7016AF}.AppStore|iPhoneSimulator.Deploy.0 = Release|x86
		{0DB51F5F-D30A-49C6-B671-C7C10C7016AF}.AppStore|x64.ActiveCfg = Release|x64
		{0DB51F5F-D30A-49C6-B671-C7C10C7016AF}.AppStore|x64.Build.0 = Release|x64
		{0DB51F5F-D30A-49C6-B671-C7C10C7016AF}.AppStore|x64.Deploy.0 = Release|x64
		{0DB51F5F-D30A-49C6-B671-C7C10C7016AF}.AppStore|x86.ActiveCfg = Release|x86
		{0DB51F5F-D30A-49C6-B671-C7C10C7016AF}.AppStore|x86.Build.0 = Release|x86
		{0DB51F5F-D30A-49C6-B671-C7C10C7016AF}.AppStore|x86.Deploy.0 = Release|x86
		{0DB51F5F-D30A-49C6-B671-C7C10C7016AF}.Debug|Any CPU.ActiveCfg = Debug|x86
		{0DB51F5F-D30A-49C6-B671-C7C10C7016AF}.Debug|Any CPU.Build.0 = Debug|x86
		{0DB51F5F-D30A-49C6-B671-C7C10C7016AF}.Debug|Any CPU.Deploy.0 = Debug|x86
		{0DB51F5F-D30A-49C6-B671-C7C10C7016AF}.Debug|ARM.ActiveCfg = Debug|ARM
		{0DB51F5F-D30A-49C6-B671-C7C10C7016AF}.Debug|ARM.Build.0 = Debug|ARM
		{0DB51F5F-D30A-49C6-B671-C7C10C7016AF}.Debug|ARM.Deploy.0 = Debug|ARM
		{0DB51F5F-D30A-49C6-B671-C7C10C7016AF}.Debug|iPhone.ActiveCfg = Debug|x86
		{0DB51F5F-D30A-49C6-B671-C7C10C7016AF}.Debug|iPhone.Build.0 = Debug|x86
		{0DB51F5F-D30A-49C6-B671-C7C10C7016AF}.Debug|iPhone.Deploy.0 = Debug|x86
		{0DB51F5F-D30A-49C6-B671-C7C10C7016AF}.Debug|iPhoneSimulator.ActiveCfg = Debug|x86
		{0DB51F5F-D30A-49C6-B671-C7C10C7016AF}.Debug|iPhoneSimulator.Build.0 = Debug|x86
		{0DB51F5F-D30A-49C6-B671-C7C10C7016AF}.Debug|iPhoneSimulator.Deploy.0 = Debug|x86
		{0DB51F5F-D30A-49C6-B671-C7C10C7016AF}.Debug|x64.ActiveCfg = Debug|x64
		{0DB51F5F-D30A-49C6-B671-C7C10C7016AF}.Debug|x64.Build.0 = Debug|x64
		{0DB51F5F-D30A-49C6-B671-C7C10C7016AF}.Debug|x64.Deploy.0 = Debug|x64
		{0DB51F5F-D30A-49C6-B671-C7C10C7016AF}.Debug|x86.ActiveCfg = Debug|x86
		{0DB51F5F-D30A-49C6-B671-C7C10C7016AF}.Debug|x86.Build.0 = Debug|x86
		{0DB51F5F-D30A-49C6-B671-C7C10C7016AF}.Debug|x86.Deploy.0 = Debug|x86
		{0DB51F5F-D30A-49C6-B671-C7C10C7016AF}.Release|Any CPU.ActiveCfg = Release|x86
		{0DB51F5F-D30A-49C6-B671-C7C10C7016AF}.Release|Any CPU.Build.0 = Release|x86
		{0DB51F5F-D30A-49C6-B671-C7C10C7016AF}.Release|Any CPU.Deploy.0 = Release|x86
		{0DB51F5F-D30A-49C6-B671-C7C10C7016AF}.Release|ARM.ActiveCfg = Release|ARM
		{0DB51F5F-D30A-49C6-B671-C7C10C7016AF}.Release|ARM.Build.0 = Release|ARM
		{0DB51F5F-D30A-49C6-B671-C7C10C7016AF}.Release|ARM.Deploy.0 = Release|ARM
		{0DB51F5F-D30A-49C6-B671-C7C10C7016AF}.Release|iPhone.ActiveCfg = Release|x86
		{0DB51F5F-D30A-49C6-B671-C7C10C7016AF}.Release|iPhone.Build.0 = Release|x86
		{0DB51F5F-D30A-49C6-B671-C7C10C7016AF}.Release|iPhone.Deploy.0 = Release|x86
		{0DB51F5F-D30A-49C6-B671-C7C10C7016AF}.Release|iPhoneSimulator.ActiveCfg = Release|x86
		{0DB51F5F-D30A-49C6-B671-C7C10C7016AF}.Release|iPhoneSimulator.Build.0 = Release|x86
		{0DB51F5F-D30A-49C6-B671-C7C10C7016AF}.Release|iPhoneSimulator.Deploy.0 = Release|x86
		{0DB51F5F-D30A-49C6-B671-C7C10C7016AF}.Release|x64.ActiveCfg = Release|x64
		{0DB51F5F-D30A-49C6-B671-C7C10C7016AF}.Release|x64.Build.0 = Release|x64
		{0DB51F5F-D30A-49C6-B671-C7C10C7016AF}.Release|x64.Deploy.0 = Release|x64
		{0DB51F5F-D30A-49C6-B671-C7C10C7016AF}.Release|x86.ActiveCfg = Release|x86
		{0DB51F5F-D30A-49C6-B671-C7C10C7016AF}.Release|x86.Build.0 = Release|x86
		{0DB51F5F-D30A-49C6-B671-C7C10C7016AF}.Release|x86.Deploy.0 = Release|x86
		{48FAFAF0-F85D-4EE9-AD7E-49A81AAED748}.Ad-Hoc|Any CPU.ActiveCfg = Debug|Any CPU
		{48FAFAF0-F85D-4EE9-AD7E-49A81AAED748}.Ad-Hoc|Any CPU.Build.0 = Debug|Any CPU
		{48FAFAF0-F85D-4EE9-AD7E-49A81AAED748}.Ad-Hoc|Any CPU.Deploy.0 = Debug|Any CPU
		{48FAFAF0-F85D-4EE9-AD7E-49A81AAED748}.Ad-Hoc|ARM.ActiveCfg = Debug|Any CPU
		{48FAFAF0-F85D-4EE9-AD7E-49A81AAED748}.Ad-Hoc|ARM.Build.0 = Debug|Any CPU
		{48FAFAF0-F85D-4EE9-AD7E-49A81AAED748}.Ad-Hoc|ARM.Deploy.0 = Debug|Any CPU
		{48FAFAF0-F85D-4EE9-AD7E-49A81AAED748}.Ad-Hoc|iPhone.ActiveCfg = Debug|Any CPU
		{48FAFAF0-F85D-4EE9-AD7E-49A81AAED748}.Ad-Hoc|iPhone.Build.0 = Debug|Any CPU
		{48FAFAF0-F85D-4EE9-AD7E-49A81AAED748}.Ad-Hoc|iPhone.Deploy.0 = Debug|Any CPU
		{48FAFAF0-F85D-4EE9-AD7E-49A81AAED748}.Ad-Hoc|iPhoneSimulator.ActiveCfg = Debug|Any CPU
		{48FAFAF0-F85D-4EE9-AD7E-49A81AAED748}.Ad-Hoc|iPhoneSimulator.Build.0 = Debug|Any CPU
		{48FAFAF0-F85D-4EE9-AD7E-49A81AAED748}.Ad-Hoc|iPhoneSimulator.Deploy.0 = Debug|Any CPU
		{48FAFAF0-F85D-4EE9-AD7E-49A81AAED748}.Ad-Hoc|x64.ActiveCfg = Debug|Any CPU
		{48FAFAF0-F85D-4EE9-AD7E-49A81AAED748}.Ad-Hoc|x64.Build.0 = Debug|Any CPU
		{48FAFAF0-F85D-4EE9-AD7E-49A81AAED748}.Ad-Hoc|x64.Deploy.0 = Debug|Any CPU
		{48FAFAF0-F85D-4EE9-AD7E-49A81AAED748}.Ad-Hoc|x86.ActiveCfg = Debug|Any CPU
		{48FAFAF0-F85D-4EE9-AD7E-49A81AAED748}.Ad-Hoc|x86.Build.0 = Debug|Any CPU
		{48FAFAF0-F85D-4EE9-AD7E-49A81AAED748}.Ad-Hoc|x86.Deploy.0 = Debug|Any CPU
		{48FAFAF0-F85D-4EE9-AD7E-49A81AAED748}.AppStore|Any CPU.ActiveCfg = Debug|Any CPU
		{48FAFAF0-F85D-4EE9-AD7E-49A81AAED748}.AppStore|Any CPU.Build.0 = Debug|Any CPU
		{48FAFAF0-F85D-4EE9-AD7E-49A81AAED748}.AppStore|Any CPU.Deploy.0 = Debug|Any CPU
		{48FAFAF0-F85D-4EE9-AD7E-49A81AAED748}.AppStore|ARM.ActiveCfg = Debug|Any CPU
		{48FAFAF0-F85D-4EE9-AD7E-49A81AAED748}.AppStore|ARM.Build.0 = Debug|Any CPU
		{48FAFAF0-F85D-4EE9-AD7E-49A81AAED748}.AppStore|ARM.Deploy.0 = Debug|Any CPU
		{48FAFAF0-F85D-4EE9-AD7E-49A81AAED748}.AppStore|iPhone.ActiveCfg = Debug|Any CPU
		{48FAFAF0-F85D-4EE9-AD7E-49A81AAED748}.AppStore|iPhone.Build.0 = Debug|Any CPU
		{48FAFAF0-F85D-4EE9-AD7E-49A81AAED748}.AppStore|iPhone.Deploy.0 = Debug|Any CPU
		{48FAFAF0-F85D-4EE9-AD7E-49A81AAED748}.AppStore|iPhoneSimulator.ActiveCfg = Debug|Any CPU
		{48FAFAF0-F85D-4EE9-AD7E-49A81AAED748}.AppStore|iPhoneSimulator.Build.0 = Debug|Any CPU
		{48FAFAF0-F85D-4EE9-AD7E-49A81AAED748}.AppStore|iPhoneSimulator.Deploy.0 = Debug|Any CPU
		{48FAFAF0-F85D-4EE9-AD7E-49A81AAED748}.AppStore|x64.ActiveCfg = Debug|Any CPU
		{48FAFAF0-F85D-4EE9-AD7E-49A81AAED748}.AppStore|x64.Build.0 = Debug|Any CPU
		{48FAFAF0-F85D-4EE9-AD7E-49A81AAED748}.AppStore|x64.Deploy.0 = Debug|Any CPU
		{48FAFAF0-F85D-4EE9-AD7E-49A81AAED748}.AppStore|x86.ActiveCfg = Debug|Any CPU
		{48FAFAF0-F85D-4EE9-AD7E-49A81AAED748}.AppStore|x86.Build.0 = Debug|Any CPU
		{48FAFAF0-F85D-4EE9-AD7E-49A81AAED748}.AppStore|x86.Deploy.0 = Debug|Any CPU
		{48FAFAF0-F85D-4EE9-AD7E-49A81AAED748}.Debug|Any CPU.ActiveCfg = Debug|Any CPU
		{48FAFAF0-F85D-4EE9-AD7E-49A81AAED748}.Debug|Any CPU.Build.0 = Debug|Any CPU
		{48FAFAF0-F85D-4EE9-AD7E-49A81AAED748}.Debug|Any CPU.Deploy.0 = Debug|Any CPU
		{48FAFAF0-F85D-4EE9-AD7E-49A81AAED748}.Debug|ARM.ActiveCfg = Debug|Any CPU
		{48FAFAF0-F85D-4EE9-AD7E-49A81AAED748}.Debug|ARM.Build.0 = Debug|Any CPU
		{48FAFAF0-F85D-4EE9-AD7E-49A81AAED748}.Debug|ARM.Deploy.0 = Debug|Any CPU
		{48FAFAF0-F85D-4EE9-AD7E-49A81AAED748}.Debug|iPhone.ActiveCfg = Debug|Any CPU
		{48FAFAF0-F85D-4EE9-AD7E-49A81AAED748}.Debug|iPhone.Build.0 = Debug|Any CPU
		{48FAFAF0-F85D-4EE9-AD7E-49A81AAED748}.Debug|iPhone.Deploy.0 = Debug|Any CPU
		{48FAFAF0-F85D-4EE9-AD7E-49A81AAED748}.Debug|iPhoneSimulator.ActiveCfg = Debug|Any CPU
		{48FAFAF0-F85D-4EE9-AD7E-49A81AAED748}.Debug|iPhoneSimulator.Build.0 = Debug|Any CPU
		{48FAFAF0-F85D-4EE9-AD7E-49A81AAED748}.Debug|iPhoneSimulator.Deploy.0 = Debug|Any CPU
		{48FAFAF0-F85D-4EE9-AD7E-49A81AAED748}.Debug|x64.ActiveCfg = Debug|Any CPU
		{48FAFAF0-F85D-4EE9-AD7E-49A81AAED748}.Debug|x64.Build.0 = Debug|Any CPU
		{48FAFAF0-F85D-4EE9-AD7E-49A81AAED748}.Debug|x64.Deploy.0 = Debug|Any CPU
		{48FAFAF0-F85D-4EE9-AD7E-49A81AAED748}.Debug|x86.ActiveCfg = Debug|Any CPU
		{48FAFAF0-F85D-4EE9-AD7E-49A81AAED748}.Debug|x86.Build.0 = Debug|Any CPU
		{48FAFAF0-F85D-4EE9-AD7E-49A81AAED748}.Debug|x86.Deploy.0 = Debug|Any CPU
		{48FAFAF0-F85D-4EE9-AD7E-49A81AAED748}.Release|Any CPU.ActiveCfg = Release|Any CPU
		{48FAFAF0-F85D-4EE9-AD7E-49A81AAED748}.Release|Any CPU.Build.0 = Release|Any CPU
		{48FAFAF0-F85D-4EE9-AD7E-49A81AAED748}.Release|Any CPU.Deploy.0 = Release|Any CPU
		{48FAFAF0-F85D-4EE9-AD7E-49A81AAED748}.Release|ARM.ActiveCfg = Release|Any CPU
		{48FAFAF0-F85D-4EE9-AD7E-49A81AAED748}.Release|ARM.Build.0 = Release|Any CPU
		{48FAFAF0-F85D-4EE9-AD7E-49A81AAED748}.Release|ARM.Deploy.0 = Release|Any CPU
		{48FAFAF0-F85D-4EE9-AD7E-49A81AAED748}.Release|iPhone.ActiveCfg = Release|Any CPU
		{48FAFAF0-F85D-4EE9-AD7E-49A81AAED748}.Release|iPhone.Build.0 = Release|Any CPU
		{48FAFAF0-F85D-4EE9-AD7E-49A81AAED748}.Release|iPhone.Deploy.0 = Release|Any CPU
		{48FAFAF0-F85D-4EE9-AD7E-49A81AAED748}.Release|iPhoneSimulator.ActiveCfg = Release|Any CPU
		{48FAFAF0-F85D-4EE9-AD7E-49A81AAED748}.Release|iPhoneSimulator.Build.0 = Release|Any CPU
		{48FAFAF0-F85D-4EE9-AD7E-49A81AAED748}.Release|iPhoneSimulator.Deploy.0 = Release|Any CPU
		{48FAFAF0-F85D-4EE9-AD7E-49A81AAED748}.Release|x64.ActiveCfg = Release|Any CPU
		{48FAFAF0-F85D-4EE9-AD7E-49A81AAED748}.Release|x64.Build.0 = Release|Any CPU
		{48FAFAF0-F85D-4EE9-AD7E-49A81AAED748}.Release|x64.Deploy.0 = Release|Any CPU
		{48FAFAF0-F85D-4EE9-AD7E-49A81AAED748}.Release|x86.ActiveCfg = Release|Any CPU
		{48FAFAF0-F85D-4EE9-AD7E-49A81AAED748}.Release|x86.Build.0 = Release|Any CPU
		{48FAFAF0-F85D-4EE9-AD7E-49A81AAED748}.Release|x86.Deploy.0 = Release|Any CPU
	EndGlobalSection
	GlobalSection(SolutionProperties) = preSolution
		HideSolutionNode = FALSE
	EndGlobalSection
	GlobalSection(ExtensibilityGlobals) = postSolution
		SolutionGuid = {91938706-3C0B-41D6-99AE-73CD3BE06955}
	EndGlobalSection
EndGlobal
